
Microsoft Visual Studio Solution File, Format Version 12.00
# Visual Studio Version 17
VisualStudioVersion = 17.9.34622.214
MinimumVisualStudioVersion = 10.0.40219.1
Project("{FAE04EC0-301F-11D3-BF4B-00C04F79EFBC}") = "Flow Control", "Flow Control\Flow Control.csproj", "{341C6EA0-F811-4C9A-8C9B-BA19CAA18466}"
EndProject
Global
	GlobalSection(SolutionConfigurationPlatforms) = preSolution
		Debug|Any CPU = Debug|Any CPU
		Release|Any CPU = Release|Any CPU
	EndGlobalSection
	GlobalSection(ProjectConfigurationPlatforms) = postSolution
		{341C6EA0-F811-4C9A-8C9B-BA19CAA18466}.Debug|Any CPU.ActiveCfg = Debug|Any CPU
		{341C6EA0-F811-4C9A-8C9B-BA19CAA18466}.Debug|Any CPU.Build.0 = Debug|Any CPU
		{341C6EA0-F811-4C9A-8C9B-BA19CAA18466}.Release|Any CPU.ActiveCfg = Release|Any CPU
		{341C6EA0-F811-4C9A-8C9B-BA19CAA18466}.Release|Any CPU.Build.0 = Release|Any CPU
	EndGlobalSection
	GlobalSection(SolutionProperties) = preSolution
		HideSolutionNode = FALSE
	EndGlobalSection
	GlobalSection(ExtensibilityGlobals) = postSolution
		SolutionGuid = {4BEBE72B-63E1-4F42-A659-DC5366A6EEE4}
	EndGlobalSection
EndGlobal
